
Microsoft Visual Studio Solution File, Format Version 12.00
Project("{FAE04EC0-301F-11D3-BF4B-00C04F79EFBC}") = "Jays.Host Toolkit", "Jays.Host Toolkit\Jays.Host Toolkit.csproj", "{B8B7B601-C38A-4457-BF47-0000866F7079}"
EndProject
Global
	GlobalSection(SolutionConfigurationPlatforms) = preSolution
		Debug|Any CPU = Debug|Any CPU
		Release|Any CPU = Release|Any CPU
	EndGlobalSection
	GlobalSection(ProjectConfigurationPlatforms) = postSolution
		{B8B7B601-C38A-4457-BF47-0000866F7079}.Debug|Any CPU.ActiveCfg = Debug|Any CPU
		{B8B7B601-C38A-4457-BF47-0000866F7079}.Debug|Any CPU.Build.0 = Debug|Any CPU
		{B8B7B601-C38A-4457-BF47-0000866F7079}.Release|Any CPU.ActiveCfg = Release|Any CPU
		{B8B7B601-C38A-4457-BF47-0000866F7079}.Release|Any CPU.Build.0 = Release|Any CPU
	EndGlobalSection
EndGlobal
